{
  "name": "Full-Stack-GenIF-I",
  "lockfileVersion": 2,
  "requires": true,
  "packages": {
    "": {
      "dependencies": {
        "@syncfusion/ej2-react-schedule": "^18.4.47",
        "react-rounded-image": "^2.0.11"
      }
    },
    "node_modules/@syncfusion/ej2-base": {
      "version": "18.4.44",
      "resolved": "https://registry.npmjs.org/@syncfusion/ej2-base/-/ej2-base-18.4.44.tgz",
      "integrity": "sha512-irv+We6ZxLAr8SctOB4hLP9otTq2yVT8yPfhB8ytQ2ZXWqDfddcLKfTC7NwFnMmD0mh+vAogHwpWuYbDl9yZew==",
      "dependencies": {
        "@syncfusion/ej2-icons": "~18.4.39"
      }
    },
    "node_modules/@syncfusion/ej2-buttons": {
      "version": "18.4.46",
      "resolved": "https://registry.npmjs.org/@syncfusion/ej2-buttons/-/ej2-buttons-18.4.46.tgz",
      "integrity": "sha512-bJAytPOKdHgMDuxXjS1vAOeG+kgd2on/kL5MuAMq/zYx6chz+W7MupLwviv0y16Em3drLV+ljI+PeKaQVI19dA==",
      "dependencies": {
        "@syncfusion/ej2-base": "~18.4.44"
      }
    },
    "node_modules/@syncfusion/ej2-calendars": {
      "version": "18.4.43",
      "resolved": "https://registry.npmjs.org/@syncfusion/ej2-calendars/-/ej2-calendars-18.4.43.tgz",
      "integrity": "sha512-DVDYcvfCU+cr+3y0jspl/iOAWXZ0M4ZnH/gj/r1mKUjWaIwIoh/EFkohSlZamf6L2blJnFK9+TbWwrSLhLLtjg==",
      "dependencies": {
        "@syncfusion/ej2-base": "~18.4.43",
        "@syncfusion/ej2-buttons": "~18.4.41",
        "@syncfusion/ej2-inputs": "~18.4.43",
        "@syncfusion/ej2-lists": "~18.4.39",
        "@syncfusion/ej2-popups": "~18.4.43"
      }
    },
    "node_modules/@syncfusion/ej2-compression": {
      "version": "18.4.39",
      "resolved": "https://registry.npmjs.org/@syncfusion/ej2-compression/-/ej2-compression-18.4.39.tgz",
      "integrity": "sha512-8yfO8StEHo2vIBWs+8l1eubB9lFR8PurcKJkuuLUp5xGDXswsMaKpU/exVHIycJV/UDIsuuNEItXGC3K1lxsrQ==",
      "dependencies": {
        "@syncfusion/ej2-file-utils": "~18.4.39"
      }
    },
    "node_modules/@syncfusion/ej2-data": {
      "version": "18.4.46",
      "resolved": "https://registry.npmjs.org/@syncfusion/ej2-data/-/ej2-data-18.4.46.tgz",
      "integrity": "sha512-kVxkzBeR/Unv43C+nWbra4Onq/TdHkx68PZ0n9+sJ9ArIUw+XsV3/TGQ9IV6RfTuxlK0TXP8fmeWR8CHmmjfhg==",
      "dependencies": {
        "@syncfusion/ej2-base": "~18.4.44"
      }
    },
    "node_modules/@syncfusion/ej2-dropdowns": {
      "version": "18.4.47",
      "resolved": "https://registry.npmjs.org/@syncfusion/ej2-dropdowns/-/ej2-dropdowns-18.4.47.tgz",
      "integrity": "sha512-erQHEJVpIUyu9hQtLSRnqZHbAmPqH+2FSo20kwovyzain7q+gcHRBvGDmNcYhAF1R25MEk9oFCzeLUaLbKYnxQ==",
      "dependencies": {
        "@syncfusion/ej2-base": "~18.4.44",
        "@syncfusion/ej2-data": "~18.4.46",
        "@syncfusion/ej2-inputs": "~18.4.47",
        "@syncfusion/ej2-lists": "~18.4.39",
        "@syncfusion/ej2-navigations": "~18.4.47",
        "@syncfusion/ej2-popups": "~18.4.44"
      }
    },
    "node_modules/@syncfusion/ej2-excel-export": {
      "version": "18.4.41",
      "resolved": "https://registry.npmjs.org/@syncfusion/ej2-excel-export/-/ej2-excel-export-18.4.41.tgz",
      "integrity": "sha512-mtEB0bhcZB8t3R6KmCDY8RZhjvbtDpEgHZ/xPpYj3Vzp0CTN/tKzUEP1bF+vMJltYo1b3ji1szZh0pp1TAMiUQ==",
      "dependencies": {
        "@syncfusion/ej2-base": "~18.4.41",
        "@syncfusion/ej2-compression": "~18.4.39"
      }
    },
    "node_modules/@syncfusion/ej2-file-utils": {
      "version": "18.4.39",
      "resolved": "https://registry.npmjs.org/@syncfusion/ej2-file-utils/-/ej2-file-utils-18.4.39.tgz",
      "integrity": "sha512-Gn0w6+2TSpuAgpFd+h8KSnZ8zj2hJcPOGAfWy+khLZ3JaLS59SHzPW2odY2yjZwlPBmAeHRj/Oo46vwxvKTeCw=="
    },
    "node_modules/@syncfusion/ej2-icons": {
      "version": "18.4.39",
      "resolved": "https://registry.npmjs.org/@syncfusion/ej2-icons/-/ej2-icons-18.4.39.tgz",
      "integrity": "sha512-l/FT5H12SSV2IwWbL39nrh5NwB8BpRdHoVOpG9/H4Ezs3q7zVAPgEMq+fAn5Tp1PBhl3cWYpSct7M2tJMSG49w=="
    },
    "node_modules/@syncfusion/ej2-inputs": {
      "version": "18.4.47",
      "resolved": "https://registry.npmjs.org/@syncfusion/ej2-inputs/-/ej2-inputs-18.4.47.tgz",
      "integrity": "sha512-ITxKNijcrEr2oO/u6RpFr5v7xHg81gDr2WIKq5oX1BXuCVLocMcjUzsOrvI/YG0xWgN6Jl8sh1+cfm8J3nu9FA==",
      "dependencies": {
        "@syncfusion/ej2-base": "~18.4.44",
        "@syncfusion/ej2-buttons": "~18.4.46",
        "@syncfusion/ej2-popups": "~18.4.44",
        "@syncfusion/ej2-splitbuttons": "~18.4.41"
      }
    },
    "node_modules/@syncfusion/ej2-lists": {
      "version": "18.4.39",
      "resolved": "https://registry.npmjs.org/@syncfusion/ej2-lists/-/ej2-lists-18.4.39.tgz",
      "integrity": "sha512-bn6C5YU06FXC1LjSXDqAt3zreC2+0DNHSp2iK0yKyM0GoiHh7KU0gjbWEyvkMlTD6aIeOp84uoETaibVDZwwWQ==",
      "dependencies": {
        "@syncfusion/ej2-base": "~18.4.39",
        "@syncfusion/ej2-buttons": "~18.4.39",
        "@syncfusion/ej2-data": "~18.4.39"
      }
    },
    "node_modules/@syncfusion/ej2-navigations": {
      "version": "18.4.47",
      "resolved": "https://registry.npmjs.org/@syncfusion/ej2-navigations/-/ej2-navigations-18.4.47.tgz",
      "integrity": "sha512-W7X2kduo+bhGdmY/e29gd+EZqhZ0WFhJAISWW5PJ8o1eTyD3GWxj8UKjAGJwJ5S6cpUSSpYs7eksmS/nTzj1ig==",
      "dependencies": {
        "@syncfusion/ej2-base": "~18.4.44",
        "@syncfusion/ej2-buttons": "~18.4.46",
        "@syncfusion/ej2-data": "~18.4.46",
        "@syncfusion/ej2-inputs": "~18.4.47",
        "@syncfusion/ej2-lists": "~18.4.39",
        "@syncfusion/ej2-popups": "~18.4.44"
      }
    },
    "node_modules/@syncfusion/ej2-popups": {
      "version": "18.4.44",
      "resolved": "https://registry.npmjs.org/@syncfusion/ej2-popups/-/ej2-popups-18.4.44.tgz",
      "integrity": "sha512-p/i1gKIfFPP9DCNfHss5v0ydvvRbrWIKxqBfjZ4xt2V81FQivvB9zuWcr0aEG0ySBZkOdwXze1Mt0+iSOeRE+g==",
      "dependencies": {
        "@syncfusion/ej2-base": "~18.4.44",
        "@syncfusion/ej2-buttons": "~18.4.44"
      }
    },
    "node_modules/@syncfusion/ej2-react-base": {
      "version": "18.4.46",
      "resolved": "https://registry.npmjs.org/@syncfusion/ej2-react-base/-/ej2-react-base-18.4.46.tgz",
      "integrity": "sha512-1VBWO7YtTro8oBJjpK6/tS4BspibR8nB/97Mml13skqL8VUm7d1+/tCKQFXK32XoRfnSr+93QKeMGYKaPgm7OA==",
      "dependencies": {
        "@syncfusion/ej2-base": "~18.4.44"
      },
      "peerDependencies": {
        "react": "16.13.1 - 17.0.1",
        "react-dom": "16.13.1 - 17.0.1"
      }
    },
    "node_modules/@syncfusion/ej2-react-schedule": {
      "version": "18.4.47",
      "resolved": "https://registry.npmjs.org/@syncfusion/ej2-react-schedule/-/ej2-react-schedule-18.4.47.tgz",
      "integrity": "sha512-OQ11aN9aa5hM9PrJiFxRqVd5a8P4LwcBu+K0sgVJggNFCdRyfglqYxnJ7wgMDVKvPGk4K2q11fnPdRsxX05Bvw==",
      "dependencies": {
        "@syncfusion/ej2-base": "~18.4.44",
        "@syncfusion/ej2-react-base": "~18.4.46",
        "@syncfusion/ej2-schedule": "18.4.47"
      }
    },
    "node_modules/@syncfusion/ej2-schedule": {
      "version": "18.4.47",
      "resolved": "https://registry.npmjs.org/@syncfusion/ej2-schedule/-/ej2-schedule-18.4.47.tgz",
      "integrity": "sha512-8E21N4H1ODGMw40lINi5EmVOFPoJU62gNSmQGI76b73nU3q4x8KxEUxCcNpa2EOqbBf2QroPKpYD0MR1hcsTkw==",
      "dependencies": {
        "@syncfusion/ej2-base": "~18.4.44",
        "@syncfusion/ej2-buttons": "~18.4.46",
        "@syncfusion/ej2-calendars": "~18.4.43",
        "@syncfusion/ej2-data": "~18.4.46",
        "@syncfusion/ej2-dropdowns": "~18.4.47",
        "@syncfusion/ej2-excel-export": "~18.4.41",
        "@syncfusion/ej2-inputs": "~18.4.47",
        "@syncfusion/ej2-lists": "~18.4.39",
        "@syncfusion/ej2-navigations": "~18.4.47",
        "@syncfusion/ej2-popups": "~18.4.44"
      }
    },
    "node_modules/@syncfusion/ej2-splitbuttons": {
      "version": "18.4.41",
      "resolved": "https://registry.npmjs.org/@syncfusion/ej2-splitbuttons/-/ej2-splitbuttons-18.4.41.tgz",
      "integrity": "sha512-QEAH3ml3x0FwfnkXE5+HGsQMOVWUkuVUqYRas3Ny3L8Loyg2oG4djeg11mxHVQ4ZBNSOOk2uKyswq0Qkyk5f7w==",
      "dependencies": {
        "@syncfusion/ej2-base": "~18.4.41",
        "@syncfusion/ej2-popups": "~18.4.41"
      }
    },
    "node_modules/js-tokens": {
      "version": "4.0.0",
      "resolved": "https://registry.npmjs.org/js-tokens/-/js-tokens-4.0.0.tgz",
      "integrity": "sha512-RdJUflcE3cUzKiMqQgsCu06FPu9UdIJO0beYbPhHN4k6apgJtifcoCtT9bcxOpYBtpD2kCM6Sbzg4CausW/PKQ==",
      "peer": true
    },
    "node_modules/loose-envify": {
      "version": "1.4.0",
      "resolved": "https://registry.npmjs.org/loose-envify/-/loose-envify-1.4.0.tgz",
      "integrity": "sha512-lyuxPGr/Wfhrlem2CL/UcnUc1zcqKAImBDzukY7Y5F/yQiNdko6+fRLevlw1HgMySw7f611UIY408EtxRSoK3Q==",
      "peer": true,
      "dependencies": {
        "js-tokens": "^3.0.0 || ^4.0.0"
      },
      "bin": {
        "loose-envify": "cli.js"
      }
    },
    "node_modules/object-assign": {
      "version": "4.1.1",
      "resolved": "https://registry.npmjs.org/object-assign/-/object-assign-4.1.1.tgz",
      "integrity": "sha1-IQmtx5ZYh8/AXLvUQsrIv7s2CGM=",
      "peer": true,
      "engines": {
        "node": ">=0.10.0"
      }
    },
    "node_modules/prop-types": {
      "version": "15.7.2",
      "resolved": "https://registry.npmjs.org/prop-types/-/prop-types-15.7.2.tgz",
      "integrity": "sha512-8QQikdH7//R2vurIJSutZ1smHYTcLpRWEOlHnzcWHmBYrOGUysKwSsrC89BCiFj3CbrfJ/nXFdJepOVrY1GCHQ==",
      "peer": true,
      "dependencies": {
        "loose-envify": "^1.4.0",
        "object-assign": "^4.1.1",
        "react-is": "^16.8.1"
      }
    },
    "node_modules/react": {
      "version": "16.14.0",
      "resolved": "https://registry.npmjs.org/react/-/react-16.14.0.tgz",
      "integrity": "sha512-0X2CImDkJGApiAlcf0ODKIneSwBPhqJawOa5wCtKbu7ZECrmS26NvtSILynQ66cgkT/RJ4LidJOc3bUESwmU8g==",
      "peer": true,
      "dependencies": {
        "loose-envify": "^1.1.0",
        "object-assign": "^4.1.1",
        "prop-types": "^15.6.2"
      },
      "engines": {
        "node": ">=0.10.0"
      }
    },
    "node_modules/react-dom": {
      "version": "16.14.0",
      "resolved": "https://registry.npmjs.org/react-dom/-/react-dom-16.14.0.tgz",
      "integrity": "sha512-1gCeQXDLoIqMgqD3IO2Ah9bnf0w9kzhwN5q4FGnHZ67hBm9yePzB5JJAIQCc8x3pFnNlwFq4RidZggNAAkzWWw==",
      "peer": true,
      "dependencies": {
        "loose-envify": "^1.1.0",
        "object-assign": "^4.1.1",
        "prop-types": "^15.6.2",
        "scheduler": "^0.19.1"
      },
      "peerDependencies": {
        "react": "^16.14.0"
      }
    },
    "node_modules/react-is": {
      "version": "16.13.1",
      "resolved": "https://registry.npmjs.org/react-is/-/react-is-16.13.1.tgz",
      "integrity": "sha512-24e6ynE2H+OKt4kqsOvNd8kBpV65zoxbA4BVsEOB3ARVWQki/DHzaUoC5KuON/BiccDaCCTZBuOcfZs70kR8bQ==",
      "peer": true
    },
    "node_modules/react-rounded-image": {
      "version": "2.0.11",
      "resolved": "https://registry.npmjs.org/react-rounded-image/-/react-rounded-image-2.0.11.tgz",
      "integrity": "sha512-9NVGlsI8BlzBJYhqX7UYmUe5v5MiWQ3X6ZIE23kCo9h9pX2X+gRZJX3dLKMoFo5RmUtJcnrQVPdFK9eDyb73Ww==",
      "peerDependencies": {
        "prop-types": "^15.6.0",
        "react": "^16.0.0",
        "react-dom": "^16.0.0"
      }
    },
    "node_modules/scheduler": {
      "version": "0.19.1",
      "resolved": "https://registry.npmjs.org/scheduler/-/scheduler-0.19.1.tgz",
      "integrity": "sha512-n/zwRWRYSUj0/3g/otKDRPMh6qv2SYMWNq85IEa8iZyAv8od9zDYpGSnpBEjNgcMNq6Scbu5KfIPxNF72R/2EA==",
      "peer": true,
      "dependencies": {
        "loose-envify": "^1.1.0",
        "object-assign": "^4.1.1"
      }
    }
  },
  "dependencies": {
    "@syncfusion/ej2-base": {
      "version": "18.4.44",
      "resolved": "https://registry.npmjs.org/@syncfusion/ej2-base/-/ej2-base-18.4.44.tgz",
      "integrity": "sha512-irv+We6ZxLAr8SctOB4hLP9otTq2yVT8yPfhB8ytQ2ZXWqDfddcLKfTC7NwFnMmD0mh+vAogHwpWuYbDl9yZew==",
      "requires": {
        "@syncfusion/ej2-icons": "~18.4.39"
      }
    },
    "@syncfusion/ej2-buttons": {
      "version": "18.4.46",
      "resolved": "https://registry.npmjs.org/@syncfusion/ej2-buttons/-/ej2-buttons-18.4.46.tgz",
      "integrity": "sha512-bJAytPOKdHgMDuxXjS1vAOeG+kgd2on/kL5MuAMq/zYx6chz+W7MupLwviv0y16Em3drLV+ljI+PeKaQVI19dA==",
      "requires": {
        "@syncfusion/ej2-base": "~18.4.44"
      }
    },
    "@syncfusion/ej2-calendars": {
      "version": "18.4.43",
      "resolved": "https://registry.npmjs.org/@syncfusion/ej2-calendars/-/ej2-calendars-18.4.43.tgz",
      "integrity": "sha512-DVDYcvfCU+cr+3y0jspl/iOAWXZ0M4ZnH/gj/r1mKUjWaIwIoh/EFkohSlZamf6L2blJnFK9+TbWwrSLhLLtjg==",
      "requires": {
        "@syncfusion/ej2-base": "~18.4.43",
        "@syncfusion/ej2-buttons": "~18.4.41",
        "@syncfusion/ej2-inputs": "~18.4.43",
        "@syncfusion/ej2-lists": "~18.4.39",
        "@syncfusion/ej2-popups": "~18.4.43"
      }
    },
    "@syncfusion/ej2-compression": {
      "version": "18.4.39",
      "resolved": "https://registry.npmjs.org/@syncfusion/ej2-compression/-/ej2-compression-18.4.39.tgz",
      "integrity": "sha512-8yfO8StEHo2vIBWs+8l1eubB9lFR8PurcKJkuuLUp5xGDXswsMaKpU/exVHIycJV/UDIsuuNEItXGC3K1lxsrQ==",
      "requires": {
        "@syncfusion/ej2-file-utils": "~18.4.39"
      }
    },
    "@syncfusion/ej2-data": {
      "version": "18.4.46",
      "resolved": "https://registry.npmjs.org/@syncfusion/ej2-data/-/ej2-data-18.4.46.tgz",
      "integrity": "sha512-kVxkzBeR/Unv43C+nWbra4Onq/TdHkx68PZ0n9+sJ9ArIUw+XsV3/TGQ9IV6RfTuxlK0TXP8fmeWR8CHmmjfhg==",
      "requires": {
        "@syncfusion/ej2-base": "~18.4.44"
      }
    },
    "@syncfusion/ej2-dropdowns": {
      "version": "18.4.47",
      "resolved": "https://registry.npmjs.org/@syncfusion/ej2-dropdowns/-/ej2-dropdowns-18.4.47.tgz",
      "integrity": "sha512-erQHEJVpIUyu9hQtLSRnqZHbAmPqH+2FSo20kwovyzain7q+gcHRBvGDmNcYhAF1R25MEk9oFCzeLUaLbKYnxQ==",
      "requires": {
        "@syncfusion/ej2-base": "~18.4.44",
        "@syncfusion/ej2-data": "~18.4.46",
        "@syncfusion/ej2-inputs": "~18.4.47",
        "@syncfusion/ej2-lists": "~18.4.39",
        "@syncfusion/ej2-navigations": "~18.4.47",
        "@syncfusion/ej2-popups": "~18.4.44"
      }
    },
    "@syncfusion/ej2-excel-export": {
      "version": "18.4.41",
      "resolved": "https://registry.npmjs.org/@syncfusion/ej2-excel-export/-/ej2-excel-export-18.4.41.tgz",
      "integrity": "sha512-mtEB0bhcZB8t3R6KmCDY8RZhjvbtDpEgHZ/xPpYj3Vzp0CTN/tKzUEP1bF+vMJltYo1b3ji1szZh0pp1TAMiUQ==",
      "requires": {
        "@syncfusion/ej2-base": "~18.4.41",
        "@syncfusion/ej2-compression": "~18.4.39"
      }
    },
    "@syncfusion/ej2-file-utils": {
      "version": "18.4.39",
      "resolved": "https://registry.npmjs.org/@syncfusion/ej2-file-utils/-/ej2-file-utils-18.4.39.tgz",
      "integrity": "sha512-Gn0w6+2TSpuAgpFd+h8KSnZ8zj2hJcPOGAfWy+khLZ3JaLS59SHzPW2odY2yjZwlPBmAeHRj/Oo46vwxvKTeCw=="
    },
    "@syncfusion/ej2-icons": {
      "version": "18.4.39",
      "resolved": "https://registry.npmjs.org/@syncfusion/ej2-icons/-/ej2-icons-18.4.39.tgz",
      "integrity": "sha512-l/FT5H12SSV2IwWbL39nrh5NwB8BpRdHoVOpG9/H4Ezs3q7zVAPgEMq+fAn5Tp1PBhl3cWYpSct7M2tJMSG49w=="
    },
    "@syncfusion/ej2-inputs": {
      "version": "18.4.47",
      "resolved": "https://registry.npmjs.org/@syncfusion/ej2-inputs/-/ej2-inputs-18.4.47.tgz",
      "integrity": "sha512-ITxKNijcrEr2oO/u6RpFr5v7xHg81gDr2WIKq5oX1BXuCVLocMcjUzsOrvI/YG0xWgN6Jl8sh1+cfm8J3nu9FA==",
      "requires": {
        "@syncfusion/ej2-base": "~18.4.44",
        "@syncfusion/ej2-buttons": "~18.4.46",
        "@syncfusion/ej2-popups": "~18.4.44",
        "@syncfusion/ej2-splitbuttons": "~18.4.41"
      }
    },
    "@syncfusion/ej2-lists": {
      "version": "18.4.39",
      "resolved": "https://registry.npmjs.org/@syncfusion/ej2-lists/-/ej2-lists-18.4.39.tgz",
      "integrity": "sha512-bn6C5YU06FXC1LjSXDqAt3zreC2+0DNHSp2iK0yKyM0GoiHh7KU0gjbWEyvkMlTD6aIeOp84uoETaibVDZwwWQ==",
      "requires": {
        "@syncfusion/ej2-base": "~18.4.39",
        "@syncfusion/ej2-buttons": "~18.4.39",
        "@syncfusion/ej2-data": "~18.4.39"
      }
    },
    "@syncfusion/ej2-navigations": {
      "version": "18.4.47",
      "resolved": "https://registry.npmjs.org/@syncfusion/ej2-navigations/-/ej2-navigations-18.4.47.tgz",
      "integrity": "sha512-W7X2kduo+bhGdmY/e29gd+EZqhZ0WFhJAISWW5PJ8o1eTyD3GWxj8UKjAGJwJ5S6cpUSSpYs7eksmS/nTzj1ig==",
      "requires": {
        "@syncfusion/ej2-base": "~18.4.44",
        "@syncfusion/ej2-buttons": "~18.4.46",
        "@syncfusion/ej2-data": "~18.4.46",
        "@syncfusion/ej2-inputs": "~18.4.47",
        "@syncfusion/ej2-lists": "~18.4.39",
        "@syncfusion/ej2-popups": "~18.4.44"
      }
    },
    "@syncfusion/ej2-popups": {
      "version": "18.4.44",
      "resolved": "https://registry.npmjs.org/@syncfusion/ej2-popups/-/ej2-popups-18.4.44.tgz",
      "integrity": "sha512-p/i1gKIfFPP9DCNfHss5v0ydvvRbrWIKxqBfjZ4xt2V81FQivvB9zuWcr0aEG0ySBZkOdwXze1Mt0+iSOeRE+g==",
      "requires": {
        "@syncfusion/ej2-base": "~18.4.44",
        "@syncfusion/ej2-buttons": "~18.4.44"
      }
    },
    "@syncfusion/ej2-react-base": {
      "version": "18.4.46",
      "resolved": "https://registry.npmjs.org/@syncfusion/ej2-react-base/-/ej2-react-base-18.4.46.tgz",
      "integrity": "sha512-1VBWO7YtTro8oBJjpK6/tS4BspibR8nB/97Mml13skqL8VUm7d1+/tCKQFXK32XoRfnSr+93QKeMGYKaPgm7OA==",
      "requires": {
        "@syncfusion/ej2-base": "~18.4.44"
      }
    },
    "@syncfusion/ej2-react-schedule": {
      "version": "18.4.47",
      "resolved": "https://registry.npmjs.org/@syncfusion/ej2-react-schedule/-/ej2-react-schedule-18.4.47.tgz",
      "integrity": "sha512-OQ11aN9aa5hM9PrJiFxRqVd5a8P4LwcBu+K0sgVJggNFCdRyfglqYxnJ7wgMDVKvPGk4K2q11fnPdRsxX05Bvw==",
      "requires": {
        "@syncfusion/ej2-base": "~18.4.44",
        "@syncfusion/ej2-react-base": "~18.4.46",
        "@syncfusion/ej2-schedule": "18.4.47"
      }
    },
    "@syncfusion/ej2-schedule": {
      "version": "18.4.47",
      "resolved": "https://registry.npmjs.org/@syncfusion/ej2-schedule/-/ej2-schedule-18.4.47.tgz",
      "integrity": "sha512-8E21N4H1ODGMw40lINi5EmVOFPoJU62gNSmQGI76b73nU3q4x8KxEUxCcNpa2EOqbBf2QroPKpYD0MR1hcsTkw==",
      "requires": {
        "@syncfusion/ej2-base": "~18.4.44",
        "@syncfusion/ej2-buttons": "~18.4.46",
        "@syncfusion/ej2-calendars": "~18.4.43",
        "@syncfusion/ej2-data": "~18.4.46",
        "@syncfusion/ej2-dropdowns": "~18.4.47",
        "@syncfusion/ej2-excel-export": "~18.4.41",
        "@syncfusion/ej2-inputs": "~18.4.47",
        "@syncfusion/ej2-lists": "~18.4.39",
        "@syncfusion/ej2-navigations": "~18.4.47",
        "@syncfusion/ej2-popups": "~18.4.44"
      }
    },
    "@syncfusion/ej2-splitbuttons": {
      "version": "18.4.41",
      "resolved": "https://registry.npmjs.org/@syncfusion/ej2-splitbuttons/-/ej2-splitbuttons-18.4.41.tgz",
      "integrity": "sha512-QEAH3ml3x0FwfnkXE5+HGsQMOVWUkuVUqYRas3Ny3L8Loyg2oG4djeg11mxHVQ4ZBNSOOk2uKyswq0Qkyk5f7w==",
      "requires": {
        "@syncfusion/ej2-base": "~18.4.41",
        "@syncfusion/ej2-popups": "~18.4.41"
      }
    },
    "js-tokens": {
      "version": "4.0.0",
      "resolved": "https://registry.npmjs.org/js-tokens/-/js-tokens-4.0.0.tgz",
      "integrity": "sha512-RdJUflcE3cUzKiMqQgsCu06FPu9UdIJO0beYbPhHN4k6apgJtifcoCtT9bcxOpYBtpD2kCM6Sbzg4CausW/PKQ==",
      "peer": true
    },
    "loose-envify": {
      "version": "1.4.0",
      "resolved": "https://registry.npmjs.org/loose-envify/-/loose-envify-1.4.0.tgz",
      "integrity": "sha512-lyuxPGr/Wfhrlem2CL/UcnUc1zcqKAImBDzukY7Y5F/yQiNdko6+fRLevlw1HgMySw7f611UIY408EtxRSoK3Q==",
      "peer": true,
      "requires": {
        "js-tokens": "^3.0.0 || ^4.0.0"
      }
    },
    "object-assign": {
      "version": "4.1.1",
      "resolved": "https://registry.npmjs.org/object-assign/-/object-assign-4.1.1.tgz",
      "integrity": "sha1-IQmtx5ZYh8/AXLvUQsrIv7s2CGM=",
      "peer": true
    },
    "prop-types": {
      "version": "15.7.2",
      "resolved": "https://registry.npmjs.org/prop-types/-/prop-types-15.7.2.tgz",
      "integrity": "sha512-8QQikdH7//R2vurIJSutZ1smHYTcLpRWEOlHnzcWHmBYrOGUysKwSsrC89BCiFj3CbrfJ/nXFdJepOVrY1GCHQ==",
      "peer": true,
      "requires": {
        "loose-envify": "^1.4.0",
        "object-assign": "^4.1.1",
        "react-is": "^16.8.1"
      }
    },
    "react": {
      "version": "16.14.0",
      "resolved": "https://registry.npmjs.org/react/-/react-16.14.0.tgz",
      "integrity": "sha512-0X2CImDkJGApiAlcf0ODKIneSwBPhqJawOa5wCtKbu7ZECrmS26NvtSILynQ66cgkT/RJ4LidJOc3bUESwmU8g==",
      "peer": true,
      "requires": {
        "loose-envify": "^1.1.0",
        "object-assign": "^4.1.1",
        "prop-types": "^15.6.2"
      }
    },
    "react-dom": {
      "version": "16.14.0",
      "resolved": "https://registry.npmjs.org/react-dom/-/react-dom-16.14.0.tgz",
      "integrity": "sha512-1gCeQXDLoIqMgqD3IO2Ah9bnf0w9kzhwN5q4FGnHZ67hBm9yePzB5JJAIQCc8x3pFnNlwFq4RidZggNAAkzWWw==",
      "peer": true,
      "requires": {
        "loose-envify": "^1.1.0",
        "object-assign": "^4.1.1",
        "prop-types": "^15.6.2",
        "scheduler": "^0.19.1"
      }
    },
    "react-is": {
      "version": "16.13.1",
      "resolved": "https://registry.npmjs.org/react-is/-/react-is-16.13.1.tgz",
      "integrity": "sha512-24e6ynE2H+OKt4kqsOvNd8kBpV65zoxbA4BVsEOB3ARVWQki/DHzaUoC5KuON/BiccDaCCTZBuOcfZs70kR8bQ==",
      "peer": true
    },
    "react-rounded-image": {
      "version": "2.0.11",
      "resolved": "https://registry.npmjs.org/react-rounded-image/-/react-rounded-image-2.0.11.tgz",
      "integrity": "sha512-9NVGlsI8BlzBJYhqX7UYmUe5v5MiWQ3X6ZIE23kCo9h9pX2X+gRZJX3dLKMoFo5RmUtJcnrQVPdFK9eDyb73Ww==",
      "requires": {}
    },
    "scheduler": {
      "version": "0.19.1",
      "resolved": "https://registry.npmjs.org/scheduler/-/scheduler-0.19.1.tgz",
      "integrity": "sha512-n/zwRWRYSUj0/3g/otKDRPMh6qv2SYMWNq85IEa8iZyAv8od9zDYpGSnpBEjNgcMNq6Scbu5KfIPxNF72R/2EA==",
      "peer": true,
      "requires": {
        "loose-envify": "^1.1.0",
        "object-assign": "^4.1.1"
      }
    }
  }
}
